
Microsoft Visual Studio Solution File, Format Version 12.00
# Visual Studio Version 16
VisualStudioVersion = 16.0.30611.23
MinimumVisualStudioVersion = 10.0.40219.1
Project("{9A19103F-16F7-4668-BE54-9A1E7A4F7556}") = "SourceStack", "HomeworkRP\SourceStack.csproj", "{201531D4-E69C-49BD-B9F7-A80B4839FDF0}"
EndProject
Project("{9A19103F-16F7-4668-BE54-9A1E7A4F7556}") = "CSharp", "CSharp\CSharp.csproj", "{231AAE03-1AD5-4929-AA7B-6376B4815329}"
EndProject
Project("{9A19103F-16F7-4668-BE54-9A1E7A4F7556}") = "NUnitTestProject1", "NUnitTestProject1\NUnitTestProject1.csproj", "{38FAFEA2-8D65-48AD-9C5D-B2780B62469F}"
EndProject
Project("{FAE04EC0-301F-11D3-BF4B-00C04F79EFBC}") = "Captcha", "Captcha\Captcha.csproj", "{06DE2CE5-64EA-4EF5-9E01-404136D50A60}"
EndProject
Project("{9A19103F-16F7-4668-BE54-9A1E7A4F7556}") = "MySQL", "MySQL\MySQL.csproj", "{DE9AB52F-E0A7-4502-93A0-A82F3222B5D1}"
EndProject
Global
	GlobalSection(SolutionConfigurationPlatforms) = preSolution
		Debug|Any CPU = Debug|Any CPU
		Release|Any CPU = Release|Any CPU
	EndGlobalSection
	GlobalSection(ProjectConfigurationPlatforms) = postSolution
		{201531D4-E69C-49BD-B9F7-A80B4839FDF0}.Debug|Any CPU.ActiveCfg = Debug|Any CPU
		{201531D4-E69C-49BD-B9F7-A80B4839FDF0}.Debug|Any CPU.Build.0 = Debug|Any CPU
		{201531D4-E69C-49BD-B9F7-A80B4839FDF0}.Release|Any CPU.ActiveCfg = Release|Any CPU
		{201531D4-E69C-49BD-B9F7-A80B4839FDF0}.Release|Any CPU.Build.0 = Release|Any CPU
		{231AAE03-1AD5-4929-AA7B-6376B4815329}.Debug|Any CPU.ActiveCfg = Debug|Any CPU
		{231AAE03-1AD5-4929-AA7B-6376B4815329}.Debug|Any CPU.Build.0 = Debug|Any CPU
		{231AAE03-1AD5-4929-AA7B-6376B4815329}.Release|Any CPU.ActiveCfg = Release|Any CPU
		{231AAE03-1AD5-4929-AA7B-6376B4815329}.Release|Any CPU.Build.0 = Release|Any CPU
		{38FAFEA2-8D65-48AD-9C5D-B2780B62469F}.Debug|Any CPU.ActiveCfg = Debug|Any CPU
		{38FAFEA2-8D65-48AD-9C5D-B2780B62469F}.Debug|Any CPU.Build.0 = Debug|Any CPU
		{38FAFEA2-8D65-48AD-9C5D-B2780B62469F}.Release|Any CPU.ActiveCfg = Release|Any CPU
		{38FAFEA2-8D65-48AD-9C5D-B2780B62469F}.Release|Any CPU.Build.0 = Release|Any CPU
		{06DE2CE5-64EA-4EF5-9E01-404136D50A60}.Debug|Any CPU.ActiveCfg = Debug|Any CPU
		{06DE2CE5-64EA-4EF5-9E01-404136D50A60}.Debug|Any CPU.Build.0 = Debug|Any CPU
		{06DE2CE5-64EA-4EF5-9E01-404136D50A60}.Release|Any CPU.ActiveCfg = Release|Any CPU
		{06DE2CE5-64EA-4EF5-9E01-404136D50A60}.Release|Any CPU.Build.0 = Release|Any CPU
		{DE9AB52F-E0A7-4502-93A0-A82F3222B5D1}.Debug|Any CPU.ActiveCfg = Debug|Any CPU
		{DE9AB52F-E0A7-4502-93A0-A82F3222B5D1}.Debug|Any CPU.Build.0 = Debug|Any CPU
		{DE9AB52F-E0A7-4502-93A0-A82F3222B5D1}.Release|Any CPU.ActiveCfg = Release|Any CPU
		{DE9AB52F-E0A7-4502-93A0-A82F3222B5D1}.Release|Any CPU.Build.0 = Release|Any CPU
	EndGlobalSection
	GlobalSection(SolutionProperties) = preSolution
		HideSolutionNode = FALSE
	EndGlobalSection
	GlobalSection(ExtensibilityGlobals) = postSolution
		SolutionGuid = {4C1BB271-0828-417C-839B-7BE63CCCE32D}
	EndGlobalSection
EndGlobal
