
Microsoft Visual Studio Solution File, Format Version 12.00
# Visual Studio Version 16
VisualStudioVersion = 16.0.30611.23
MinimumVisualStudioVersion = 10.0.40219.1
Project("{9A19103F-16F7-4668-BE54-9A1E7A4F7556}") = "SourceStack", "SourceStack.csproj", "{3E9D3C37-606D-4191-8CE0-A507E2C477A0}"
EndProject
Project("{FAE04EC0-301F-11D3-BF4B-00C04F79EFBC}") = "CSharp", "..\CSharp\CSharp.csproj", "{A50EEB60-7D28-41BD-8B0E-053392DCD9EC}"
EndProject
Global
	GlobalSection(SolutionConfigurationPlatforms) = preSolution
		Debug|Any CPU = Debug|Any CPU
		Release|Any CPU = Release|Any CPU
	EndGlobalSection
	GlobalSection(ProjectConfigurationPlatforms) = postSolution
		{3E9D3C37-606D-4191-8CE0-A507E2C477A0}.Debug|Any CPU.ActiveCfg = Debug|Any CPU
		{3E9D3C37-606D-4191-8CE0-A507E2C477A0}.Debug|Any CPU.Build.0 = Debug|Any CPU
		{3E9D3C37-606D-4191-8CE0-A507E2C477A0}.Release|Any CPU.ActiveCfg = Release|Any CPU
		{3E9D3C37-606D-4191-8CE0-A507E2C477A0}.Release|Any CPU.Build.0 = Release|Any CPU
		{A50EEB60-7D28-41BD-8B0E-053392DCD9EC}.Debug|Any CPU.ActiveCfg = Debug|Any CPU
		{A50EEB60-7D28-41BD-8B0E-053392DCD9EC}.Debug|Any CPU.Build.0 = Debug|Any CPU
		{A50EEB60-7D28-41BD-8B0E-053392DCD9EC}.Release|Any CPU.ActiveCfg = Release|Any CPU
		{A50EEB60-7D28-41BD-8B0E-053392DCD9EC}.Release|Any CPU.Build.0 = Release|Any CPU
	EndGlobalSection
	GlobalSection(SolutionProperties) = preSolution
		HideSolutionNode = FALSE
	EndGlobalSection
	GlobalSection(ExtensibilityGlobals) = postSolution
		SolutionGuid = {4C1BB271-0828-417C-839B-7BE63CCCE32D}
	EndGlobalSection
EndGlobal
